
Microsoft Visual Studio Solution File, Format Version 12.00
# Visual Studio Version 17
VisualStudioVersion = 17.13.35818.85 d17.13
MinimumVisualStudioVersion = 10.0.40219.1
Project("{FAE04EC0-301F-11D3-BF4B-00C04F79EFBC}") = "tpmodul10_103022330044", "tpmodul10_103022330044.csproj", "{8AEBB795-0FDD-4828-97F1-4929DA84693B}"
EndProject
Global
	GlobalSection(SolutionConfigurationPlatforms) = preSolution
		Debug|Any CPU = Debug|Any CPU
		Release|Any CPU = Release|Any CPU
	EndGlobalSection
	GlobalSection(ProjectConfigurationPlatforms) = postSolution
		{8AEBB795-0FDD-4828-97F1-4929DA84693B}.Debug|Any CPU.ActiveCfg = Debug|Any CPU
		{8AEBB795-0FDD-4828-97F1-4929DA84693B}.Debug|Any CPU.Build.0 = Debug|Any CPU
		{8AEBB795-0FDD-4828-97F1-4929DA84693B}.Release|Any CPU.ActiveCfg = Release|Any CPU
		{8AEBB795-0FDD-4828-97F1-4929DA84693B}.Release|Any CPU.Build.0 = Release|Any CPU
	EndGlobalSection
	GlobalSection(SolutionProperties) = preSolution
		HideSolutionNode = FALSE
	EndGlobalSection
	GlobalSection(ExtensibilityGlobals) = postSolution
		SolutionGuid = {8C737DB7-3F13-4393-9571-A9093A68B321}
	EndGlobalSection
EndGlobal
